
Microsoft Visual Studio Solution File, Format Version 12.00
# Visual Studio 15
VisualStudioVersion = 15.0.28307.902
MinimumVisualStudioVersion = 10.0.40219.1
Project("{8BC9CEB8-8B4A-11D0-8D11-00A0C91BC942}") = "SkyBox", "SkyBox\SkyBox.vcxproj", "{6126BC25-73CD-4C59-8824-A121BF4E8D6D}"
EndProject
Project("{8BC9CEB8-8B4A-11D0-8D11-00A0C91BC942}") = "ViewTransformation", "ViewTransformation\ViewTransformation.vcxproj", "{081D6830-7A91-42F9-9064-2FA01ACB45EF}"
EndProject
Project("{8BC9CEB8-8B4A-11D0-8D11-00A0C91BC942}") = "Depth", "Depth\Depth.vcxproj", "{5D6FBFE7-6FAE-4C50-858D-9FC6570E4F1D}"
EndProject
Project("{8BC9CEB8-8B4A-11D0-8D11-00A0C91BC942}") = "StencilTest", "StencilTest\StencilTest.vcxproj", "{6DBE2637-C77A-4BA4-B291-AF27DFB7F37D}"
EndProject
Project("{8BC9CEB8-8B4A-11D0-8D11-00A0C91BC942}") = "FrameBuffer", "FrameBuffer\FrameBuffer.vcxproj", "{636A1A8B-DA36-43BC-9C19-5D3A238301D3}"
EndProject
Project("{8BC9CEB8-8B4A-11D0-8D11-00A0C91BC942}") = "AxisSample", "AxisSample\AxisSample.vcxproj", "{6FE26495-6D21-4F32-BC01-067DEC28F8DB}"
EndProject
Project("{8BC9CEB8-8B4A-11D0-8D11-00A0C91BC942}") = "CullFace", "CullFace\CullFace.vcxproj", "{AADFE7E7-4042-4095-B1A6-94810CF7F6D4}"
EndProject
Project("{8BC9CEB8-8B4A-11D0-8D11-00A0C91BC942}") = "MSAA", "MSAA\MSAA.vcxproj", "{220B7E28-BA80-4A26-8287-436C14C6688A}"
EndProject
Project("{8BC9CEB8-8B4A-11D0-8D11-00A0C91BC942}") = "ShadowDemo", "ShadowDemo\ShadowDemo.vcxproj", "{8DA0C9D3-FC56-48F1-BEB6-88E6D3702977}"
EndProject
Project("{8BC9CEB8-8B4A-11D0-8D11-00A0C91BC942}") = "IndirectDrawerDemo", "IndirectDrawerDemo\IndirectDrawerDemo.vcxproj", "{1113CC82-2BCD-4214-9DD0-CE502EF9149B}"
EndProject
Project("{8BC9CEB8-8B4A-11D0-8D11-00A0C91BC942}") = "HDRDemo", "HDRDemo\HDRDemo.vcxproj", "{17D0CAB4-CCF9-49CA-96E4-7067D42B9817}"
EndProject
Project("{8BC9CEB8-8B4A-11D0-8D11-00A0C91BC942}") = "MRTDemo", "MRTDemo\MRTDemo.vcxproj", "{D0E1886C-161D-4495-B39C-800E497851ED}"
EndProject
Project("{8BC9CEB8-8B4A-11D0-8D11-00A0C91BC942}") = "IndirectDrawDynamicDemo", "IndirectDrawDynamicDemo\IndirectDrawDynamicDemo.vcxproj", "{0D3B9732-C602-436C-8CAF-01EACE301896}"
EndProject
Global
	GlobalSection(SolutionConfigurationPlatforms) = preSolution
		Debug|x64 = Debug|x64
		Debug|x86 = Debug|x86
		Release|x64 = Release|x64
		Release|x86 = Release|x86
	EndGlobalSection
	GlobalSection(ProjectConfigurationPlatforms) = postSolution
		{6126BC25-73CD-4C59-8824-A121BF4E8D6D}.Debug|x64.ActiveCfg = Debug|Win32
		{6126BC25-73CD-4C59-8824-A121BF4E8D6D}.Debug|x86.ActiveCfg = Debug|Win32
		{6126BC25-73CD-4C59-8824-A121BF4E8D6D}.Debug|x86.Build.0 = Debug|Win32
		{6126BC25-73CD-4C59-8824-A121BF4E8D6D}.Release|x64.ActiveCfg = Release|Win32
		{6126BC25-73CD-4C59-8824-A121BF4E8D6D}.Release|x86.ActiveCfg = Release|Win32
		{6126BC25-73CD-4C59-8824-A121BF4E8D6D}.Release|x86.Build.0 = Release|Win32
		{081D6830-7A91-42F9-9064-2FA01ACB45EF}.Debug|x64.ActiveCfg = Debug|Win32
		{081D6830-7A91-42F9-9064-2FA01ACB45EF}.Debug|x86.ActiveCfg = Debug|Win32
		{081D6830-7A91-42F9-9064-2FA01ACB45EF}.Debug|x86.Build.0 = Debug|Win32
		{081D6830-7A91-42F9-9064-2FA01ACB45EF}.Release|x64.ActiveCfg = Release|Win32
		{081D6830-7A91-42F9-9064-2FA01ACB45EF}.Release|x86.ActiveCfg = Release|Win32
		{081D6830-7A91-42F9-9064-2FA01ACB45EF}.Release|x86.Build.0 = Release|Win32
		{5D6FBFE7-6FAE-4C50-858D-9FC6570E4F1D}.Debug|x64.ActiveCfg = Debug|Win32
		{5D6FBFE7-6FAE-4C50-858D-9FC6570E4F1D}.Debug|x86.ActiveCfg = Debug|Win32
		{5D6FBFE7-6FAE-4C50-858D-9FC6570E4F1D}.Debug|x86.Build.0 = Debug|Win32
		{5D6FBFE7-6FAE-4C50-858D-9FC6570E4F1D}.Release|x64.ActiveCfg = Release|Win32
		{5D6FBFE7-6FAE-4C50-858D-9FC6570E4F1D}.Release|x86.ActiveCfg = Release|Win32
		{5D6FBFE7-6FAE-4C50-858D-9FC6570E4F1D}.Release|x86.Build.0 = Release|Win32
		{6DBE2637-C77A-4BA4-B291-AF27DFB7F37D}.Debug|x64.ActiveCfg = Debug|Win32
		{6DBE2637-C77A-4BA4-B291-AF27DFB7F37D}.Debug|x86.ActiveCfg = Debug|Win32
		{6DBE2637-C77A-4BA4-B291-AF27DFB7F37D}.Debug|x86.Build.0 = Debug|Win32
		{6DBE2637-C77A-4BA4-B291-AF27DFB7F37D}.Release|x64.ActiveCfg = Release|Win32
		{6DBE2637-C77A-4BA4-B291-AF27DFB7F37D}.Release|x86.ActiveCfg = Release|Win32
		{6DBE2637-C77A-4BA4-B291-AF27DFB7F37D}.Release|x86.Build.0 = Release|Win32
		{636A1A8B-DA36-43BC-9C19-5D3A238301D3}.Debug|x64.ActiveCfg = Debug|Win32
		{636A1A8B-DA36-43BC-9C19-5D3A238301D3}.Debug|x86.ActiveCfg = Debug|Win32
		{636A1A8B-DA36-43BC-9C19-5D3A238301D3}.Debug|x86.Build.0 = Debug|Win32
		{636A1A8B-DA36-43BC-9C19-5D3A238301D3}.Release|x64.ActiveCfg = Release|Win32
		{636A1A8B-DA36-43BC-9C19-5D3A238301D3}.Release|x86.ActiveCfg = Release|Win32
		{636A1A8B-DA36-43BC-9C19-5D3A238301D3}.Release|x86.Build.0 = Release|Win32
		{6FE26495-6D21-4F32-BC01-067DEC28F8DB}.Debug|x64.ActiveCfg = Debug|Win32
		{6FE26495-6D21-4F32-BC01-067DEC28F8DB}.Debug|x86.ActiveCfg = Debug|Win32
		{6FE26495-6D21-4F32-BC01-067DEC28F8DB}.Debug|x86.Build.0 = Debug|Win32
		{6FE26495-6D21-4F32-BC01-067DEC28F8DB}.Release|x64.ActiveCfg = Release|Win32
		{6FE26495-6D21-4F32-BC01-067DEC28F8DB}.Release|x86.ActiveCfg = Release|Win32
		{6FE26495-6D21-4F32-BC01-067DEC28F8DB}.Release|x86.Build.0 = Release|Win32
		{AADFE7E7-4042-4095-B1A6-94810CF7F6D4}.Debug|x64.ActiveCfg = Debug|Win32
		{AADFE7E7-4042-4095-B1A6-94810CF7F6D4}.Debug|x86.ActiveCfg = Debug|Win32
		{AADFE7E7-4042-4095-B1A6-94810CF7F6D4}.Debug|x86.Build.0 = Debug|Win32
		{AADFE7E7-4042-4095-B1A6-94810CF7F6D4}.Release|x64.ActiveCfg = Release|Win32
		{AADFE7E7-4042-4095-B1A6-94810CF7F6D4}.Release|x86.ActiveCfg = Release|Win32
		{AADFE7E7-4042-4095-B1A6-94810CF7F6D4}.Release|x86.Build.0 = Release|Win32
		{220B7E28-BA80-4A26-8287-436C14C6688A}.Debug|x64.ActiveCfg = Debug|Win32
		{220B7E28-BA80-4A26-8287-436C14C6688A}.Debug|x86.ActiveCfg = Debug|Win32
		{220B7E28-BA80-4A26-8287-436C14C6688A}.Debug|x86.Build.0 = Debug|Win32
		{220B7E28-BA80-4A26-8287-436C14C6688A}.Release|x64.ActiveCfg = Release|Win32
		{220B7E28-BA80-4A26-8287-436C14C6688A}.Release|x86.ActiveCfg = Release|Win32
		{220B7E28-BA80-4A26-8287-436C14C6688A}.Release|x86.Build.0 = Release|Win32
		{8DA0C9D3-FC56-48F1-BEB6-88E6D3702977}.Debug|x64.ActiveCfg = Debug|Win32
		{8DA0C9D3-FC56-48F1-BEB6-88E6D3702977}.Debug|x86.ActiveCfg = Debug|Win32
		{8DA0C9D3-FC56-48F1-BEB6-88E6D3702977}.Debug|x86.Build.0 = Debug|Win32
		{8DA0C9D3-FC56-48F1-BEB6-88E6D3702977}.Release|x64.ActiveCfg = Release|Win32
		{8DA0C9D3-FC56-48F1-BEB6-88E6D3702977}.Release|x86.ActiveCfg = Release|Win32
		{8DA0C9D3-FC56-48F1-BEB6-88E6D3702977}.Release|x86.Build.0 = Release|Win32
		{1113CC82-2BCD-4214-9DD0-CE502EF9149B}.Debug|x64.ActiveCfg = Debug|Win32
		{1113CC82-2BCD-4214-9DD0-CE502EF9149B}.Debug|x86.ActiveCfg = Debug|Win32
		{1113CC82-2BCD-4214-9DD0-CE502EF9149B}.Debug|x86.Build.0 = Debug|Win32
		{1113CC82-2BCD-4214-9DD0-CE502EF9149B}.Release|x64.ActiveCfg = Release|Win32
		{1113CC82-2BCD-4214-9DD0-CE502EF9149B}.Release|x86.ActiveCfg = Release|Win32
		{1113CC82-2BCD-4214-9DD0-CE502EF9149B}.Release|x86.Build.0 = Release|Win32
		{17D0CAB4-CCF9-49CA-96E4-7067D42B9817}.Debug|x64.ActiveCfg = Debug|Win32
		{17D0CAB4-CCF9-49CA-96E4-7067D42B9817}.Debug|x86.ActiveCfg = Debug|Win32
		{17D0CAB4-CCF9-49CA-96E4-7067D42B9817}.Debug|x86.Build.0 = Debug|Win32
		{17D0CAB4-CCF9-49CA-96E4-7067D42B9817}.Release|x64.ActiveCfg = Release|Win32
		{17D0CAB4-CCF9-49CA-96E4-7067D42B9817}.Release|x86.ActiveCfg = Release|Win32
		{17D0CAB4-CCF9-49CA-96E4-7067D42B9817}.Release|x86.Build.0 = Release|Win32
		{D0E1886C-161D-4495-B39C-800E497851ED}.Debug|x64.ActiveCfg = Debug|Win32
		{D0E1886C-161D-4495-B39C-800E497851ED}.Debug|x86.ActiveCfg = Debug|Win32
		{D0E1886C-161D-4495-B39C-800E497851ED}.Debug|x86.Build.0 = Debug|Win32
		{D0E1886C-161D-4495-B39C-800E497851ED}.Release|x64.ActiveCfg = Release|Win32
		{D0E1886C-161D-4495-B39C-800E497851ED}.Release|x86.ActiveCfg = Release|Win32
		{D0E1886C-161D-4495-B39C-800E497851ED}.Release|x86.Build.0 = Release|Win32
		{0D3B9732-C602-436C-8CAF-01EACE301896}.Debug|x64.ActiveCfg = Debug|Win32
		{0D3B9732-C602-436C-8CAF-01EACE301896}.Debug|x86.ActiveCfg = Debug|Win32
		{0D3B9732-C602-436C-8CAF-01EACE301896}.Debug|x86.Build.0 = Debug|Win32
		{0D3B9732-C602-436C-8CAF-01EACE301896}.Release|x64.ActiveCfg = Release|Win32
		{0D3B9732-C602-436C-8CAF-01EACE301896}.Release|x86.ActiveCfg = Release|Win32
		{0D3B9732-C602-436C-8CAF-01EACE301896}.Release|x86.Build.0 = Release|Win32
	EndGlobalSection
	GlobalSection(SolutionProperties) = preSolution
		HideSolutionNode = FALSE
	EndGlobalSection
	GlobalSection(ExtensibilityGlobals) = postSolution
		SolutionGuid = {FCD6CF05-1E82-4017-8485-2269E6B6C941}
	EndGlobalSection
EndGlobal
