
Microsoft Visual Studio Solution File, Format Version 12.00
# Visual Studio Version 16
VisualStudioVersion = 16.0.33927.289
MinimumVisualStudioVersion = 10.0.40219.1
Project("{8BC9CEB8-8B4A-11D0-8D11-00A0C91BC942}") = "SkyBox", "SkyBox\SkyBox.vcxproj", "{6126BC25-73CD-4C59-8824-A121BF4E8D6D}"
EndProject
Project("{8BC9CEB8-8B4A-11D0-8D11-00A0C91BC942}") = "ViewTransformation", "ViewTransformation\ViewTransformation.vcxproj", "{081D6830-7A91-42F9-9064-2FA01ACB45EF}"
EndProject
Project("{8BC9CEB8-8B4A-11D0-8D11-00A0C91BC942}") = "Depth", "Depth\Depth.vcxproj", "{5D6FBFE7-6FAE-4C50-858D-9FC6570E4F1D}"
EndProject
Project("{8BC9CEB8-8B4A-11D0-8D11-00A0C91BC942}") = "StencilTest", "StencilTest\StencilTest.vcxproj", "{6DBE2637-C77A-4BA4-B291-AF27DFB7F37D}"
EndProject
Project("{8BC9CEB8-8B4A-11D0-8D11-00A0C91BC942}") = "FrameBuffer", "FrameBuffer\FrameBuffer.vcxproj", "{636A1A8B-DA36-43BC-9C19-5D3A238301D3}"
EndProject
Project("{8BC9CEB8-8B4A-11D0-8D11-00A0C91BC942}") = "AxisSample", "AxisSample\AxisSample.vcxproj", "{6FE26495-6D21-4F32-BC01-067DEC28F8DB}"
EndProject
Project("{8BC9CEB8-8B4A-11D0-8D11-00A0C91BC942}") = "CullFace", "CullFace\CullFace.vcxproj", "{AADFE7E7-4042-4095-B1A6-94810CF7F6D4}"
EndProject
Project("{8BC9CEB8-8B4A-11D0-8D11-00A0C91BC942}") = "MSAA", "MSAA\MSAA.vcxproj", "{220B7E28-BA80-4A26-8287-436C14C6688A}"
EndProject
Project("{8BC9CEB8-8B4A-11D0-8D11-00A0C91BC942}") = "ShadowMappingDepth", "ShadowDemo\ShadowDemo.vcxproj", "{8DA0C9D3-FC56-48F1-BEB6-88E6D3702977}"
EndProject
Project("{8BC9CEB8-8B4A-11D0-8D11-00A0C91BC942}") = "IndirectDrawerDemo", "IndirectDrawerDemo\IndirectDrawerDemo.vcxproj", "{1113CC82-2BCD-4214-9DD0-CE502EF9149B}"
EndProject
Project("{8BC9CEB8-8B4A-11D0-8D11-00A0C91BC942}") = "HDRDemo", "HDRDemo\HDRDemo.vcxproj", "{17D0CAB4-CCF9-49CA-96E4-7067D42B9817}"
EndProject
Project("{8BC9CEB8-8B4A-11D0-8D11-00A0C91BC942}") = "MRTDemo", "MRTDemo\MRTDemo.vcxproj", "{D0E1886C-161D-4495-B39C-800E497851ED}"
EndProject
Project("{8BC9CEB8-8B4A-11D0-8D11-00A0C91BC942}") = "IndirectDrawDynamicDemo", "IndirectDrawDynamicDemo\IndirectDrawDynamicDemo.vcxproj", "{0D3B9732-C602-436C-8CAF-01EACE301896}"
EndProject
Project("{8BC9CEB8-8B4A-11D0-8D11-00A0C91BC942}") = "DeferredRenderingDemo", "DeferredRenderingDemo\DeferredRenderingDemo.vcxproj", "{C648DDB0-A780-4396-8427-A3880BEFFB83}"
EndProject
Project("{8BC9CEB8-8B4A-11D0-8D11-00A0C91BC942}") = "MultiInstanceDemo", "MultiInstanceDemo\MultiInstanceDemo.vcxproj", "{DA9755EF-6EEE-43F1-9E9F-C8B7A605E8A4}"
EndProject
Project("{8BC9CEB8-8B4A-11D0-8D11-00A0C91BC942}") = "BloomDemo", "BloomDemo\BloomDemo.vcxproj", "{FCC095FF-BF64-4208-9494-E16D8FD62746}"
EndProject
Project("{8BC9CEB8-8B4A-11D0-8D11-00A0C91BC942}") = "OutlineEffect", "OutlineEffect\OutlineEffect.vcxproj", "{2A3A5D68-89C4-4BD5-BFE4-2DB052A516F3}"
EndProject
Project("{8BC9CEB8-8B4A-11D0-8D11-00A0C91BC942}") = "XRayEffect", "XRayEffect\XRayEffect.vcxproj", "{170D299B-E146-4FBD-83D8-41B00D49EB20}"
EndProject
Project("{8BC9CEB8-8B4A-11D0-8D11-00A0C91BC942}") = "AdvancedIndirectDrawDemo", "AdvancedIndirectDrawDemo\AdvancedIndirectDrawDemo.vcxproj", "{9F32E086-784E-4B07-8526-40E54B6DA20A}"
EndProject
Project("{8BC9CEB8-8B4A-11D0-8D11-00A0C91BC942}") = "AdvancedLighting", "AdvancedLighting\AdvancedLighting.vcxproj", "{3050A396-9362-491F-80D5-E401688B253A}"
EndProject
Project("{8BC9CEB8-8B4A-11D0-8D11-00A0C91BC942}") = "FPS", "FPS\FPS.vcxproj", "{1285638E-8837-4A03-B442-8FD862796081}"
EndProject
Project("{8BC9CEB8-8B4A-11D0-8D11-00A0C91BC942}") = "lightingDiffuseMap", "lightingMap\lightingMap.vcxproj", "{75FFE507-7E22-41DF-A927-959BB0DF2507}"
EndProject
Project("{8BC9CEB8-8B4A-11D0-8D11-00A0C91BC942}") = "CullerIndirectDrawer", "CullerIndirectDrawer\CullerIndirectDrawer.vcxproj", "{ABB62E5E-9CD1-4578-987C-8967D0783F0A}"
EndProject
Project("{8BC9CEB8-8B4A-11D0-8D11-00A0C91BC942}") = "lightingSpcularMap", "lightSpcularMap\lightSpcularMap.vcxproj", "{5D2D84AA-FFA4-4311-B055-C63D424F0AA6}"
EndProject
Project("{8BC9CEB8-8B4A-11D0-8D11-00A0C91BC942}") = "LightingSpotCaster", "MultiLightingDemo\MultiLightingDemo.vcxproj", "{8185B2F5-037F-4812-9DFA-CE100DB124BE}"
EndProject
Project("{8BC9CEB8-8B4A-11D0-8D11-00A0C91BC942}") = "ShadowMappingBase", "ShadowMappingBase\ShadowMappingBase.vcxproj", "{7D4538C6-30E2-403A-A4A5-0F959BC4019B}"
EndProject
Project("{8BC9CEB8-8B4A-11D0-8D11-00A0C91BC942}") = "ShadowMappingAdvance", "ShadowMappingAdvance\ShadowMappingAdvance.vcxproj", "{066E94E5-1205-496C-9629-EA741510563F}"
EndProject
Project("{8BC9CEB8-8B4A-11D0-8D11-00A0C91BC942}") = "GeometryShaderDemo", "GeometryShaderDemo\GeometryShaderDemo.vcxproj", "{190026C9-6C9C-48C3-9243-F6915E0A78D7}"
EndProject
Project("{8BC9CEB8-8B4A-11D0-8D11-00A0C91BC942}") = "ComputeShaderDemo", "ComputeShaderDemo\ComputeShaderDemo.vcxproj", "{2AA3F98F-AA67-4EE8-82B8-5EFC75BE3B1E}"
EndProject
Project("{8BC9CEB8-8B4A-11D0-8D11-00A0C91BC942}") = "AreaLightDemo", "AreaLightDemo\AreaLightDemo.vcxproj", "{FE28AFC6-4B88-4C64-8016-2EA96324AE1D}"
EndProject
Project("{8BC9CEB8-8B4A-11D0-8D11-00A0C91BC942}") = "BillBoardDemo", "BillBoardDemo\BillBoardDemo.vcxproj", "{7CD3C1D0-B3D6-464A-B3BD-0C18F72E3F3C}"
EndProject
Project("{8BC9CEB8-8B4A-11D0-8D11-00A0C91BC942}") = "OmnidirectionalShadowMapping", "OmnidirectionalShadowMapping\OmnidirectionalShadowMapping.vcxproj", "{FE809970-6848-41FF-B313-A10951380EBA}"
EndProject
Project("{8BC9CEB8-8B4A-11D0-8D11-00A0C91BC942}") = "FPSEuler", "FPSEuler\FPSEuler.vcxproj", "{2CE26B2C-0703-4F30-8F81-DCB2CFF7B41E}"
EndProject
Project("{8BC9CEB8-8B4A-11D0-8D11-00A0C91BC942}") = "FPSQuaternion", "FPSQuaternion\FPSQuaternion.vcxproj", "{593F2D30-5477-46C0-AEFF-AADB917897D8}"
EndProject
Project("{8BC9CEB8-8B4A-11D0-8D11-00A0C91BC942}") = "FPSKeyboard", "FPSKeyboard\FPSKeyboard.vcxproj", "{9B3E745C-620B-4B8B-9E59-62EAF748ADFA}"
EndProject
Project("{8BC9CEB8-8B4A-11D0-8D11-00A0C91BC942}") = "FPSMouse", "FPSMouse\FPSMouse.vcxproj", "{96680DF9-7E07-4A55-893A-DC8D36667C16}"
EndProject
Project("{8BC9CEB8-8B4A-11D0-8D11-00A0C91BC942}") = "MultiThreadRender", "MultiThreadRender\MultiThreadRender.vcxproj", "{3D418F8A-6998-4704-B120-7B1A7DAE0234}"
EndProject
Project("{8BC9CEB8-8B4A-11D0-8D11-00A0C91BC942}") = "TextRenderBase", "TextRenderBase\TextRenderBase.vcxproj", "{4965C0E3-D61B-46B6-9628-0057F32F41BE}"
EndProject
Project("{8BC9CEB8-8B4A-11D0-8D11-00A0C91BC942}") = "MultiLightsDemo", "MultiLightsDemo\MultiLightsDemo.vcxproj", "{3A667AE7-7534-4BC3-8D30-9703EDB5391E}"
EndProject
Project("{8BC9CEB8-8B4A-11D0-8D11-00A0C91BC942}") = "SkyBoxLastRender", "SkyBoxLastRender\SkyBoxLastRender.vcxproj", "{9D5646F8-8AA6-4B6B-A515-CE5CA5472691}"
EndProject
Project("{8BC9CEB8-8B4A-11D0-8D11-00A0C91BC942}") = "NormalMap", "NormalMap\NormalMap.vcxproj", "{B0C56FC2-C074-4758-A6EA-AF3EEE9E328A}"
EndProject
Project("{8BC9CEB8-8B4A-11D0-8D11-00A0C91BC942}") = "NormalMapWithTangentSpace", "NormalMapWithTangentSpace\NormalMapWithTangentSpace.vcxproj", "{30AE4C99-3B28-4116-A49D-161E80C043DF}"
EndProject
Project("{8BC9CEB8-8B4A-11D0-8D11-00A0C91BC942}") = "LineRender", "LineRender\LineRender.vcxproj", "{2CD6EDDF-0C3D-4DED-9188-B34A3259F22E}"
EndProject
Project("{8BC9CEB8-8B4A-11D0-8D11-00A0C91BC942}") = "SkyBoxLittleVersion", "SkyBoxLittleVersion\SkyBoxLittleVersion.vcxproj", "{D0C5EA20-E5F8-47F0-82F8-2C8BEE51AAEF}"
EndProject
Project("{8BC9CEB8-8B4A-11D0-8D11-00A0C91BC942}") = "AdvancedDeferredRenderingDemo", "AdvancedDeferredRenderingDemo\AdvancedDeferredRenderingDemo.vcxproj", "{52A8AE38-B628-43AC-9F12-5E228DBE2582}"
EndProject
Project("{8BC9CEB8-8B4A-11D0-8D11-00A0C91BC942}") = "IndirectDrawDynamicDemoOtherWay", "IndirectDrawDynamicDemoOtherWay\IndirectDrawDynamicDemoOtherWay.vcxproj", "{39505F6E-1640-49E6-A2B6-23A2D74901C2}"
EndProject
Project("{8BC9CEB8-8B4A-11D0-8D11-00A0C91BC942}") = "DeferredAndForwardRenderingDemo", "DeferredAndForwardRenderingDemo\DeferredAndForwardRenderingDemo.vcxproj", "{70A0C3C0-EE2D-4CB8-A208-F6B86B4238C2}"
EndProject
Project("{8BC9CEB8-8B4A-11D0-8D11-00A0C91BC942}") = "OutlineStencilVersion", "OutlineStencilVersion\OutlineStencilVersion.vcxproj", "{338043A0-2670-4FCA-B5DE-948AFA41CD1B}"
EndProject
Project("{8BC9CEB8-8B4A-11D0-8D11-00A0C91BC942}") = "MultiInstance4BoxVersion", "MultiInstance4BoxVersion\MultiInstance4BoxVersion.vcxproj", "{630B8AA5-EB7C-464F-98FE-483FBAD778AB}"
EndProject
Project("{8BC9CEB8-8B4A-11D0-8D11-00A0C91BC942}") = "TextureCoordTransform", "TextureCoordTransform\TextureCoordTransform.vcxproj", "{1CF24017-C93A-4BE3-BD7F-36A3BA697E2C}"
EndProject
Project("{8BC9CEB8-8B4A-11D0-8D11-00A0C91BC942}") = "TextureUpdateDemo", "TextureUpdateDemo\TextureUpdateDemo.vcxproj", "{8A2AFE39-D4A7-4D04-838A-7D44DE696512}"
EndProject
Project("{8BC9CEB8-8B4A-11D0-8D11-00A0C91BC942}") = "TextureReversal", "TextureReversal\TextureReversal.vcxproj", "{91DB1808-D12C-4584-AEFF-8A31CFBAB6E8}"
EndProject
Project("{8BC9CEB8-8B4A-11D0-8D11-00A0C91BC942}") = "TextureSwitchBetweenEachOther", "TextureSwitchBetweenEachOther\TextureSwitchBetweenEachOther.vcxproj", "{CA47CD3F-DF2A-49DB-BCBA-8782EAF7F817}"
EndProject
Project("{8BC9CEB8-8B4A-11D0-8D11-00A0C91BC942}") = "TextRenderAdvanced", "TextRenderAdvanced\TextRenderAdvanced.vcxproj", "{54F0F1B9-591F-4FFE-B47E-DFD3A3E83DFF}"
EndProject
Project("{8BC9CEB8-8B4A-11D0-8D11-00A0C91BC942}") = "BlendDemo", "BlendDemo\BlendDemo.vcxproj", "{BC3B95F4-BD86-4A63-93C6-E39737F51E66}"
EndProject
Project("{8BC9CEB8-8B4A-11D0-8D11-00A0C91BC942}") = "BlendAdvancedDemo", "BlendAdvancedDemo\BlendAdvancedDemo.vcxproj", "{24CD23CE-EA61-44CA-89BD-F55FB1769488}"
EndProject
Project("{8BC9CEB8-8B4A-11D0-8D11-00A0C91BC942}") = "BlendAdvancedDemoVer2", "BlendAdvancedDemoVer2\BlendAdvancedDemoVer2.vcxproj", "{82613CD2-49AA-4658-81B1-14D5F3040979}"
EndProject
Global
	GlobalSection(SolutionConfigurationPlatforms) = preSolution
		Debug|x64 = Debug|x64
		Debug|x86 = Debug|x86
		Release|x64 = Release|x64
		Release|x86 = Release|x86
	EndGlobalSection
	GlobalSection(ProjectConfigurationPlatforms) = postSolution
		{6126BC25-73CD-4C59-8824-A121BF4E8D6D}.Debug|x64.ActiveCfg = Debug|Win32
		{6126BC25-73CD-4C59-8824-A121BF4E8D6D}.Debug|x86.ActiveCfg = Debug|Win32
		{6126BC25-73CD-4C59-8824-A121BF4E8D6D}.Debug|x86.Build.0 = Debug|Win32
		{6126BC25-73CD-4C59-8824-A121BF4E8D6D}.Release|x64.ActiveCfg = Release|Win32
		{6126BC25-73CD-4C59-8824-A121BF4E8D6D}.Release|x86.ActiveCfg = Release|Win32
		{6126BC25-73CD-4C59-8824-A121BF4E8D6D}.Release|x86.Build.0 = Release|Win32
		{081D6830-7A91-42F9-9064-2FA01ACB45EF}.Debug|x64.ActiveCfg = Debug|Win32
		{081D6830-7A91-42F9-9064-2FA01ACB45EF}.Debug|x86.ActiveCfg = Debug|Win32
		{081D6830-7A91-42F9-9064-2FA01ACB45EF}.Debug|x86.Build.0 = Debug|Win32
		{081D6830-7A91-42F9-9064-2FA01ACB45EF}.Release|x64.ActiveCfg = Release|Win32
		{081D6830-7A91-42F9-9064-2FA01ACB45EF}.Release|x86.ActiveCfg = Release|Win32
		{081D6830-7A91-42F9-9064-2FA01ACB45EF}.Release|x86.Build.0 = Release|Win32
		{5D6FBFE7-6FAE-4C50-858D-9FC6570E4F1D}.Debug|x64.ActiveCfg = Debug|Win32
		{5D6FBFE7-6FAE-4C50-858D-9FC6570E4F1D}.Debug|x86.ActiveCfg = Debug|Win32
		{5D6FBFE7-6FAE-4C50-858D-9FC6570E4F1D}.Debug|x86.Build.0 = Debug|Win32
		{5D6FBFE7-6FAE-4C50-858D-9FC6570E4F1D}.Release|x64.ActiveCfg = Release|Win32
		{5D6FBFE7-6FAE-4C50-858D-9FC6570E4F1D}.Release|x86.ActiveCfg = Release|Win32
		{5D6FBFE7-6FAE-4C50-858D-9FC6570E4F1D}.Release|x86.Build.0 = Release|Win32
		{6DBE2637-C77A-4BA4-B291-AF27DFB7F37D}.Debug|x64.ActiveCfg = Debug|Win32
		{6DBE2637-C77A-4BA4-B291-AF27DFB7F37D}.Debug|x86.ActiveCfg = Debug|Win32
		{6DBE2637-C77A-4BA4-B291-AF27DFB7F37D}.Debug|x86.Build.0 = Debug|Win32
		{6DBE2637-C77A-4BA4-B291-AF27DFB7F37D}.Release|x64.ActiveCfg = Release|Win32
		{6DBE2637-C77A-4BA4-B291-AF27DFB7F37D}.Release|x86.ActiveCfg = Release|Win32
		{6DBE2637-C77A-4BA4-B291-AF27DFB7F37D}.Release|x86.Build.0 = Release|Win32
		{636A1A8B-DA36-43BC-9C19-5D3A238301D3}.Debug|x64.ActiveCfg = Debug|Win32
		{636A1A8B-DA36-43BC-9C19-5D3A238301D3}.Debug|x86.ActiveCfg = Debug|Win32
		{636A1A8B-DA36-43BC-9C19-5D3A238301D3}.Debug|x86.Build.0 = Debug|Win32
		{636A1A8B-DA36-43BC-9C19-5D3A238301D3}.Release|x64.ActiveCfg = Release|Win32
		{636A1A8B-DA36-43BC-9C19-5D3A238301D3}.Release|x86.ActiveCfg = Release|Win32
		{636A1A8B-DA36-43BC-9C19-5D3A238301D3}.Release|x86.Build.0 = Release|Win32
		{6FE26495-6D21-4F32-BC01-067DEC28F8DB}.Debug|x64.ActiveCfg = Debug|Win32
		{6FE26495-6D21-4F32-BC01-067DEC28F8DB}.Debug|x86.ActiveCfg = Debug|Win32
		{6FE26495-6D21-4F32-BC01-067DEC28F8DB}.Debug|x86.Build.0 = Debug|Win32
		{6FE26495-6D21-4F32-BC01-067DEC28F8DB}.Release|x64.ActiveCfg = Release|Win32
		{6FE26495-6D21-4F32-BC01-067DEC28F8DB}.Release|x86.ActiveCfg = Release|Win32
		{6FE26495-6D21-4F32-BC01-067DEC28F8DB}.Release|x86.Build.0 = Release|Win32
		{AADFE7E7-4042-4095-B1A6-94810CF7F6D4}.Debug|x64.ActiveCfg = Debug|Win32
		{AADFE7E7-4042-4095-B1A6-94810CF7F6D4}.Debug|x86.ActiveCfg = Debug|Win32
		{AADFE7E7-4042-4095-B1A6-94810CF7F6D4}.Debug|x86.Build.0 = Debug|Win32
		{AADFE7E7-4042-4095-B1A6-94810CF7F6D4}.Release|x64.ActiveCfg = Release|Win32
		{AADFE7E7-4042-4095-B1A6-94810CF7F6D4}.Release|x86.ActiveCfg = Release|Win32
		{AADFE7E7-4042-4095-B1A6-94810CF7F6D4}.Release|x86.Build.0 = Release|Win32
		{220B7E28-BA80-4A26-8287-436C14C6688A}.Debug|x64.ActiveCfg = Debug|Win32
		{220B7E28-BA80-4A26-8287-436C14C6688A}.Debug|x86.ActiveCfg = Debug|Win32
		{220B7E28-BA80-4A26-8287-436C14C6688A}.Debug|x86.Build.0 = Debug|Win32
		{220B7E28-BA80-4A26-8287-436C14C6688A}.Release|x64.ActiveCfg = Release|Win32
		{220B7E28-BA80-4A26-8287-436C14C6688A}.Release|x86.ActiveCfg = Release|Win32
		{220B7E28-BA80-4A26-8287-436C14C6688A}.Release|x86.Build.0 = Release|Win32
		{8DA0C9D3-FC56-48F1-BEB6-88E6D3702977}.Debug|x64.ActiveCfg = Debug|Win32
		{8DA0C9D3-FC56-48F1-BEB6-88E6D3702977}.Debug|x86.ActiveCfg = Debug|Win32
		{8DA0C9D3-FC56-48F1-BEB6-88E6D3702977}.Debug|x86.Build.0 = Debug|Win32
		{8DA0C9D3-FC56-48F1-BEB6-88E6D3702977}.Release|x64.ActiveCfg = Release|Win32
		{8DA0C9D3-FC56-48F1-BEB6-88E6D3702977}.Release|x86.ActiveCfg = Release|Win32
		{8DA0C9D3-FC56-48F1-BEB6-88E6D3702977}.Release|x86.Build.0 = Release|Win32
		{1113CC82-2BCD-4214-9DD0-CE502EF9149B}.Debug|x64.ActiveCfg = Debug|Win32
		{1113CC82-2BCD-4214-9DD0-CE502EF9149B}.Debug|x86.ActiveCfg = Debug|Win32
		{1113CC82-2BCD-4214-9DD0-CE502EF9149B}.Debug|x86.Build.0 = Debug|Win32
		{1113CC82-2BCD-4214-9DD0-CE502EF9149B}.Release|x64.ActiveCfg = Release|Win32
		{1113CC82-2BCD-4214-9DD0-CE502EF9149B}.Release|x86.ActiveCfg = Release|Win32
		{1113CC82-2BCD-4214-9DD0-CE502EF9149B}.Release|x86.Build.0 = Release|Win32
		{17D0CAB4-CCF9-49CA-96E4-7067D42B9817}.Debug|x64.ActiveCfg = Debug|Win32
		{17D0CAB4-CCF9-49CA-96E4-7067D42B9817}.Debug|x86.ActiveCfg = Debug|Win32
		{17D0CAB4-CCF9-49CA-96E4-7067D42B9817}.Debug|x86.Build.0 = Debug|Win32
		{17D0CAB4-CCF9-49CA-96E4-7067D42B9817}.Release|x64.ActiveCfg = Release|Win32
		{17D0CAB4-CCF9-49CA-96E4-7067D42B9817}.Release|x86.ActiveCfg = Release|Win32
		{17D0CAB4-CCF9-49CA-96E4-7067D42B9817}.Release|x86.Build.0 = Release|Win32
		{D0E1886C-161D-4495-B39C-800E497851ED}.Debug|x64.ActiveCfg = Debug|Win32
		{D0E1886C-161D-4495-B39C-800E497851ED}.Debug|x86.ActiveCfg = Debug|Win32
		{D0E1886C-161D-4495-B39C-800E497851ED}.Debug|x86.Build.0 = Debug|Win32
		{D0E1886C-161D-4495-B39C-800E497851ED}.Release|x64.ActiveCfg = Release|Win32
		{D0E1886C-161D-4495-B39C-800E497851ED}.Release|x86.ActiveCfg = Release|Win32
		{D0E1886C-161D-4495-B39C-800E497851ED}.Release|x86.Build.0 = Release|Win32
		{0D3B9732-C602-436C-8CAF-01EACE301896}.Debug|x64.ActiveCfg = Debug|Win32
		{0D3B9732-C602-436C-8CAF-01EACE301896}.Debug|x86.ActiveCfg = Debug|Win32
		{0D3B9732-C602-436C-8CAF-01EACE301896}.Debug|x86.Build.0 = Debug|Win32
		{0D3B9732-C602-436C-8CAF-01EACE301896}.Release|x64.ActiveCfg = Release|Win32
		{0D3B9732-C602-436C-8CAF-01EACE301896}.Release|x86.ActiveCfg = Release|Win32
		{0D3B9732-C602-436C-8CAF-01EACE301896}.Release|x86.Build.0 = Release|Win32
		{C648DDB0-A780-4396-8427-A3880BEFFB83}.Debug|x64.ActiveCfg = Debug|Win32
		{C648DDB0-A780-4396-8427-A3880BEFFB83}.Debug|x86.ActiveCfg = Debug|Win32
		{C648DDB0-A780-4396-8427-A3880BEFFB83}.Debug|x86.Build.0 = Debug|Win32
		{C648DDB0-A780-4396-8427-A3880BEFFB83}.Release|x64.ActiveCfg = Release|Win32
		{C648DDB0-A780-4396-8427-A3880BEFFB83}.Release|x86.ActiveCfg = Release|Win32
		{C648DDB0-A780-4396-8427-A3880BEFFB83}.Release|x86.Build.0 = Release|Win32
		{DA9755EF-6EEE-43F1-9E9F-C8B7A605E8A4}.Debug|x64.ActiveCfg = Debug|Win32
		{DA9755EF-6EEE-43F1-9E9F-C8B7A605E8A4}.Debug|x86.ActiveCfg = Debug|Win32
		{DA9755EF-6EEE-43F1-9E9F-C8B7A605E8A4}.Debug|x86.Build.0 = Debug|Win32
		{DA9755EF-6EEE-43F1-9E9F-C8B7A605E8A4}.Release|x64.ActiveCfg = Release|Win32
		{DA9755EF-6EEE-43F1-9E9F-C8B7A605E8A4}.Release|x86.ActiveCfg = Release|Win32
		{DA9755EF-6EEE-43F1-9E9F-C8B7A605E8A4}.Release|x86.Build.0 = Release|Win32
		{FCC095FF-BF64-4208-9494-E16D8FD62746}.Debug|x64.ActiveCfg = Debug|Win32
		{FCC095FF-BF64-4208-9494-E16D8FD62746}.Debug|x86.ActiveCfg = Debug|Win32
		{FCC095FF-BF64-4208-9494-E16D8FD62746}.Debug|x86.Build.0 = Debug|Win32
		{FCC095FF-BF64-4208-9494-E16D8FD62746}.Release|x64.ActiveCfg = Release|Win32
		{FCC095FF-BF64-4208-9494-E16D8FD62746}.Release|x86.ActiveCfg = Release|Win32
		{FCC095FF-BF64-4208-9494-E16D8FD62746}.Release|x86.Build.0 = Release|Win32
		{2A3A5D68-89C4-4BD5-BFE4-2DB052A516F3}.Debug|x64.ActiveCfg = Debug|Win32
		{2A3A5D68-89C4-4BD5-BFE4-2DB052A516F3}.Debug|x86.ActiveCfg = Debug|Win32
		{2A3A5D68-89C4-4BD5-BFE4-2DB052A516F3}.Debug|x86.Build.0 = Debug|Win32
		{2A3A5D68-89C4-4BD5-BFE4-2DB052A516F3}.Release|x64.ActiveCfg = Release|Win32
		{2A3A5D68-89C4-4BD5-BFE4-2DB052A516F3}.Release|x86.ActiveCfg = Release|Win32
		{2A3A5D68-89C4-4BD5-BFE4-2DB052A516F3}.Release|x86.Build.0 = Release|Win32
		{170D299B-E146-4FBD-83D8-41B00D49EB20}.Debug|x64.ActiveCfg = Debug|Win32
		{170D299B-E146-4FBD-83D8-41B00D49EB20}.Debug|x86.ActiveCfg = Debug|Win32
		{170D299B-E146-4FBD-83D8-41B00D49EB20}.Debug|x86.Build.0 = Debug|Win32
		{170D299B-E146-4FBD-83D8-41B00D49EB20}.Release|x64.ActiveCfg = Release|Win32
		{170D299B-E146-4FBD-83D8-41B00D49EB20}.Release|x86.ActiveCfg = Release|Win32
		{170D299B-E146-4FBD-83D8-41B00D49EB20}.Release|x86.Build.0 = Release|Win32
		{9F32E086-784E-4B07-8526-40E54B6DA20A}.Debug|x64.ActiveCfg = Debug|Win32
		{9F32E086-784E-4B07-8526-40E54B6DA20A}.Debug|x86.ActiveCfg = Debug|Win32
		{9F32E086-784E-4B07-8526-40E54B6DA20A}.Debug|x86.Build.0 = Debug|Win32
		{9F32E086-784E-4B07-8526-40E54B6DA20A}.Release|x64.ActiveCfg = Release|Win32
		{9F32E086-784E-4B07-8526-40E54B6DA20A}.Release|x86.ActiveCfg = Release|Win32
		{9F32E086-784E-4B07-8526-40E54B6DA20A}.Release|x86.Build.0 = Release|Win32
		{3050A396-9362-491F-80D5-E401688B253A}.Debug|x64.ActiveCfg = Debug|Win32
		{3050A396-9362-491F-80D5-E401688B253A}.Debug|x86.ActiveCfg = Debug|Win32
		{3050A396-9362-491F-80D5-E401688B253A}.Debug|x86.Build.0 = Debug|Win32
		{3050A396-9362-491F-80D5-E401688B253A}.Release|x64.ActiveCfg = Release|Win32
		{3050A396-9362-491F-80D5-E401688B253A}.Release|x86.ActiveCfg = Release|Win32
		{3050A396-9362-491F-80D5-E401688B253A}.Release|x86.Build.0 = Release|Win32
		{1285638E-8837-4A03-B442-8FD862796081}.Debug|x64.ActiveCfg = Debug|Win32
		{1285638E-8837-4A03-B442-8FD862796081}.Debug|x86.ActiveCfg = Debug|Win32
		{1285638E-8837-4A03-B442-8FD862796081}.Debug|x86.Build.0 = Debug|Win32
		{1285638E-8837-4A03-B442-8FD862796081}.Release|x64.ActiveCfg = Release|Win32
		{1285638E-8837-4A03-B442-8FD862796081}.Release|x86.ActiveCfg = Release|Win32
		{1285638E-8837-4A03-B442-8FD862796081}.Release|x86.Build.0 = Release|Win32
		{75FFE507-7E22-41DF-A927-959BB0DF2507}.Debug|x64.ActiveCfg = Debug|Win32
		{75FFE507-7E22-41DF-A927-959BB0DF2507}.Debug|x86.ActiveCfg = Debug|Win32
		{75FFE507-7E22-41DF-A927-959BB0DF2507}.Debug|x86.Build.0 = Debug|Win32
		{75FFE507-7E22-41DF-A927-959BB0DF2507}.Release|x64.ActiveCfg = Release|Win32
		{75FFE507-7E22-41DF-A927-959BB0DF2507}.Release|x86.ActiveCfg = Release|Win32
		{75FFE507-7E22-41DF-A927-959BB0DF2507}.Release|x86.Build.0 = Release|Win32
		{ABB62E5E-9CD1-4578-987C-8967D0783F0A}.Debug|x64.ActiveCfg = Debug|Win32
		{ABB62E5E-9CD1-4578-987C-8967D0783F0A}.Debug|x86.ActiveCfg = Debug|Win32
		{ABB62E5E-9CD1-4578-987C-8967D0783F0A}.Debug|x86.Build.0 = Debug|Win32
		{ABB62E5E-9CD1-4578-987C-8967D0783F0A}.Release|x64.ActiveCfg = Release|Win32
		{ABB62E5E-9CD1-4578-987C-8967D0783F0A}.Release|x86.ActiveCfg = Release|Win32
		{ABB62E5E-9CD1-4578-987C-8967D0783F0A}.Release|x86.Build.0 = Release|Win32
		{5D2D84AA-FFA4-4311-B055-C63D424F0AA6}.Debug|x64.ActiveCfg = Debug|Win32
		{5D2D84AA-FFA4-4311-B055-C63D424F0AA6}.Debug|x86.ActiveCfg = Debug|Win32
		{5D2D84AA-FFA4-4311-B055-C63D424F0AA6}.Debug|x86.Build.0 = Debug|Win32
		{5D2D84AA-FFA4-4311-B055-C63D424F0AA6}.Release|x64.ActiveCfg = Release|Win32
		{5D2D84AA-FFA4-4311-B055-C63D424F0AA6}.Release|x86.ActiveCfg = Release|Win32
		{5D2D84AA-FFA4-4311-B055-C63D424F0AA6}.Release|x86.Build.0 = Release|Win32
		{8185B2F5-037F-4812-9DFA-CE100DB124BE}.Debug|x64.ActiveCfg = Debug|Win32
		{8185B2F5-037F-4812-9DFA-CE100DB124BE}.Debug|x86.ActiveCfg = Debug|Win32
		{8185B2F5-037F-4812-9DFA-CE100DB124BE}.Debug|x86.Build.0 = Debug|Win32
		{8185B2F5-037F-4812-9DFA-CE100DB124BE}.Release|x64.ActiveCfg = Release|Win32
		{8185B2F5-037F-4812-9DFA-CE100DB124BE}.Release|x86.ActiveCfg = Release|Win32
		{8185B2F5-037F-4812-9DFA-CE100DB124BE}.Release|x86.Build.0 = Release|Win32
		{7D4538C6-30E2-403A-A4A5-0F959BC4019B}.Debug|x64.ActiveCfg = Debug|Win32
		{7D4538C6-30E2-403A-A4A5-0F959BC4019B}.Debug|x86.ActiveCfg = Debug|Win32
		{7D4538C6-30E2-403A-A4A5-0F959BC4019B}.Debug|x86.Build.0 = Debug|Win32
		{7D4538C6-30E2-403A-A4A5-0F959BC4019B}.Release|x64.ActiveCfg = Release|Win32
		{7D4538C6-30E2-403A-A4A5-0F959BC4019B}.Release|x86.ActiveCfg = Release|Win32
		{7D4538C6-30E2-403A-A4A5-0F959BC4019B}.Release|x86.Build.0 = Release|Win32
		{066E94E5-1205-496C-9629-EA741510563F}.Debug|x64.ActiveCfg = Debug|Win32
		{066E94E5-1205-496C-9629-EA741510563F}.Debug|x86.ActiveCfg = Debug|Win32
		{066E94E5-1205-496C-9629-EA741510563F}.Debug|x86.Build.0 = Debug|Win32
		{066E94E5-1205-496C-9629-EA741510563F}.Release|x64.ActiveCfg = Release|Win32
		{066E94E5-1205-496C-9629-EA741510563F}.Release|x86.ActiveCfg = Release|Win32
		{066E94E5-1205-496C-9629-EA741510563F}.Release|x86.Build.0 = Release|Win32
		{190026C9-6C9C-48C3-9243-F6915E0A78D7}.Debug|x64.ActiveCfg = Debug|Win32
		{190026C9-6C9C-48C3-9243-F6915E0A78D7}.Debug|x86.ActiveCfg = Debug|Win32
		{190026C9-6C9C-48C3-9243-F6915E0A78D7}.Debug|x86.Build.0 = Debug|Win32
		{190026C9-6C9C-48C3-9243-F6915E0A78D7}.Release|x64.ActiveCfg = Release|Win32
		{190026C9-6C9C-48C3-9243-F6915E0A78D7}.Release|x86.ActiveCfg = Release|Win32
		{190026C9-6C9C-48C3-9243-F6915E0A78D7}.Release|x86.Build.0 = Release|Win32
		{2AA3F98F-AA67-4EE8-82B8-5EFC75BE3B1E}.Debug|x64.ActiveCfg = Debug|Win32
		{2AA3F98F-AA67-4EE8-82B8-5EFC75BE3B1E}.Debug|x86.ActiveCfg = Debug|Win32
		{2AA3F98F-AA67-4EE8-82B8-5EFC75BE3B1E}.Debug|x86.Build.0 = Debug|Win32
		{2AA3F98F-AA67-4EE8-82B8-5EFC75BE3B1E}.Release|x64.ActiveCfg = Release|Win32
		{2AA3F98F-AA67-4EE8-82B8-5EFC75BE3B1E}.Release|x86.ActiveCfg = Release|Win32
		{2AA3F98F-AA67-4EE8-82B8-5EFC75BE3B1E}.Release|x86.Build.0 = Release|Win32
		{FE28AFC6-4B88-4C64-8016-2EA96324AE1D}.Debug|x64.ActiveCfg = Debug|Win32
		{FE28AFC6-4B88-4C64-8016-2EA96324AE1D}.Debug|x86.ActiveCfg = Debug|Win32
		{FE28AFC6-4B88-4C64-8016-2EA96324AE1D}.Debug|x86.Build.0 = Debug|Win32
		{FE28AFC6-4B88-4C64-8016-2EA96324AE1D}.Release|x64.ActiveCfg = Release|Win32
		{FE28AFC6-4B88-4C64-8016-2EA96324AE1D}.Release|x86.ActiveCfg = Release|Win32
		{FE28AFC6-4B88-4C64-8016-2EA96324AE1D}.Release|x86.Build.0 = Release|Win32
		{7CD3C1D0-B3D6-464A-B3BD-0C18F72E3F3C}.Debug|x64.ActiveCfg = Debug|Win32
		{7CD3C1D0-B3D6-464A-B3BD-0C18F72E3F3C}.Debug|x86.ActiveCfg = Debug|Win32
		{7CD3C1D0-B3D6-464A-B3BD-0C18F72E3F3C}.Debug|x86.Build.0 = Debug|Win32
		{7CD3C1D0-B3D6-464A-B3BD-0C18F72E3F3C}.Release|x64.ActiveCfg = Release|Win32
		{7CD3C1D0-B3D6-464A-B3BD-0C18F72E3F3C}.Release|x86.ActiveCfg = Release|Win32
		{7CD3C1D0-B3D6-464A-B3BD-0C18F72E3F3C}.Release|x86.Build.0 = Release|Win32
		{FE809970-6848-41FF-B313-A10951380EBA}.Debug|x64.ActiveCfg = Debug|Win32
		{FE809970-6848-41FF-B313-A10951380EBA}.Debug|x86.ActiveCfg = Debug|Win32
		{FE809970-6848-41FF-B313-A10951380EBA}.Debug|x86.Build.0 = Debug|Win32
		{FE809970-6848-41FF-B313-A10951380EBA}.Release|x64.ActiveCfg = Release|Win32
		{FE809970-6848-41FF-B313-A10951380EBA}.Release|x86.ActiveCfg = Release|Win32
		{FE809970-6848-41FF-B313-A10951380EBA}.Release|x86.Build.0 = Release|Win32
		{2CE26B2C-0703-4F30-8F81-DCB2CFF7B41E}.Debug|x64.ActiveCfg = Debug|Win32
		{2CE26B2C-0703-4F30-8F81-DCB2CFF7B41E}.Debug|x86.ActiveCfg = Debug|Win32
		{2CE26B2C-0703-4F30-8F81-DCB2CFF7B41E}.Debug|x86.Build.0 = Debug|Win32
		{2CE26B2C-0703-4F30-8F81-DCB2CFF7B41E}.Release|x64.ActiveCfg = Release|Win32
		{2CE26B2C-0703-4F30-8F81-DCB2CFF7B41E}.Release|x86.ActiveCfg = Release|Win32
		{2CE26B2C-0703-4F30-8F81-DCB2CFF7B41E}.Release|x86.Build.0 = Release|Win32
		{593F2D30-5477-46C0-AEFF-AADB917897D8}.Debug|x64.ActiveCfg = Debug|Win32
		{593F2D30-5477-46C0-AEFF-AADB917897D8}.Debug|x86.ActiveCfg = Debug|Win32
		{593F2D30-5477-46C0-AEFF-AADB917897D8}.Debug|x86.Build.0 = Debug|Win32
		{593F2D30-5477-46C0-AEFF-AADB917897D8}.Release|x64.ActiveCfg = Release|Win32
		{593F2D30-5477-46C0-AEFF-AADB917897D8}.Release|x86.ActiveCfg = Release|Win32
		{593F2D30-5477-46C0-AEFF-AADB917897D8}.Release|x86.Build.0 = Release|Win32
		{9B3E745C-620B-4B8B-9E59-62EAF748ADFA}.Debug|x64.ActiveCfg = Debug|Win32
		{9B3E745C-620B-4B8B-9E59-62EAF748ADFA}.Debug|x86.ActiveCfg = Debug|Win32
		{9B3E745C-620B-4B8B-9E59-62EAF748ADFA}.Debug|x86.Build.0 = Debug|Win32
		{9B3E745C-620B-4B8B-9E59-62EAF748ADFA}.Release|x64.ActiveCfg = Release|Win32
		{9B3E745C-620B-4B8B-9E59-62EAF748ADFA}.Release|x86.ActiveCfg = Release|Win32
		{9B3E745C-620B-4B8B-9E59-62EAF748ADFA}.Release|x86.Build.0 = Release|Win32
		{96680DF9-7E07-4A55-893A-DC8D36667C16}.Debug|x64.ActiveCfg = Debug|Win32
		{96680DF9-7E07-4A55-893A-DC8D36667C16}.Debug|x86.ActiveCfg = Debug|Win32
		{96680DF9-7E07-4A55-893A-DC8D36667C16}.Debug|x86.Build.0 = Debug|Win32
		{96680DF9-7E07-4A55-893A-DC8D36667C16}.Release|x64.ActiveCfg = Release|Win32
		{96680DF9-7E07-4A55-893A-DC8D36667C16}.Release|x86.ActiveCfg = Release|Win32
		{96680DF9-7E07-4A55-893A-DC8D36667C16}.Release|x86.Build.0 = Release|Win32
		{3D418F8A-6998-4704-B120-7B1A7DAE0234}.Debug|x64.ActiveCfg = Debug|Win32
		{3D418F8A-6998-4704-B120-7B1A7DAE0234}.Debug|x86.ActiveCfg = Debug|Win32
		{3D418F8A-6998-4704-B120-7B1A7DAE0234}.Debug|x86.Build.0 = Debug|Win32
		{3D418F8A-6998-4704-B120-7B1A7DAE0234}.Release|x64.ActiveCfg = Release|Win32
		{3D418F8A-6998-4704-B120-7B1A7DAE0234}.Release|x86.ActiveCfg = Release|Win32
		{3D418F8A-6998-4704-B120-7B1A7DAE0234}.Release|x86.Build.0 = Release|Win32
		{4965C0E3-D61B-46B6-9628-0057F32F41BE}.Debug|x64.ActiveCfg = Debug|Win32
		{4965C0E3-D61B-46B6-9628-0057F32F41BE}.Debug|x86.ActiveCfg = Debug|Win32
		{4965C0E3-D61B-46B6-9628-0057F32F41BE}.Debug|x86.Build.0 = Debug|Win32
		{4965C0E3-D61B-46B6-9628-0057F32F41BE}.Release|x64.ActiveCfg = Release|Win32
		{4965C0E3-D61B-46B6-9628-0057F32F41BE}.Release|x86.ActiveCfg = Release|Win32
		{4965C0E3-D61B-46B6-9628-0057F32F41BE}.Release|x86.Build.0 = Release|Win32
		{3A667AE7-7534-4BC3-8D30-9703EDB5391E}.Debug|x64.ActiveCfg = Debug|Win32
		{3A667AE7-7534-4BC3-8D30-9703EDB5391E}.Debug|x86.ActiveCfg = Debug|Win32
		{3A667AE7-7534-4BC3-8D30-9703EDB5391E}.Debug|x86.Build.0 = Debug|Win32
		{3A667AE7-7534-4BC3-8D30-9703EDB5391E}.Release|x64.ActiveCfg = Release|Win32
		{3A667AE7-7534-4BC3-8D30-9703EDB5391E}.Release|x86.ActiveCfg = Release|Win32
		{3A667AE7-7534-4BC3-8D30-9703EDB5391E}.Release|x86.Build.0 = Release|Win32
		{9D5646F8-8AA6-4B6B-A515-CE5CA5472691}.Debug|x64.ActiveCfg = Debug|Win32
		{9D5646F8-8AA6-4B6B-A515-CE5CA5472691}.Debug|x86.ActiveCfg = Debug|Win32
		{9D5646F8-8AA6-4B6B-A515-CE5CA5472691}.Debug|x86.Build.0 = Debug|Win32
		{9D5646F8-8AA6-4B6B-A515-CE5CA5472691}.Release|x64.ActiveCfg = Release|Win32
		{9D5646F8-8AA6-4B6B-A515-CE5CA5472691}.Release|x86.ActiveCfg = Release|Win32
		{9D5646F8-8AA6-4B6B-A515-CE5CA5472691}.Release|x86.Build.0 = Release|Win32
		{B0C56FC2-C074-4758-A6EA-AF3EEE9E328A}.Debug|x64.ActiveCfg = Debug|Win32
		{B0C56FC2-C074-4758-A6EA-AF3EEE9E328A}.Debug|x86.ActiveCfg = Debug|Win32
		{B0C56FC2-C074-4758-A6EA-AF3EEE9E328A}.Debug|x86.Build.0 = Debug|Win32
		{B0C56FC2-C074-4758-A6EA-AF3EEE9E328A}.Release|x64.ActiveCfg = Release|Win32
		{B0C56FC2-C074-4758-A6EA-AF3EEE9E328A}.Release|x86.ActiveCfg = Release|Win32
		{B0C56FC2-C074-4758-A6EA-AF3EEE9E328A}.Release|x86.Build.0 = Release|Win32
		{30AE4C99-3B28-4116-A49D-161E80C043DF}.Debug|x64.ActiveCfg = Debug|Win32
		{30AE4C99-3B28-4116-A49D-161E80C043DF}.Debug|x86.ActiveCfg = Debug|Win32
		{30AE4C99-3B28-4116-A49D-161E80C043DF}.Debug|x86.Build.0 = Debug|Win32
		{30AE4C99-3B28-4116-A49D-161E80C043DF}.Release|x64.ActiveCfg = Release|Win32
		{30AE4C99-3B28-4116-A49D-161E80C043DF}.Release|x86.ActiveCfg = Release|Win32
		{30AE4C99-3B28-4116-A49D-161E80C043DF}.Release|x86.Build.0 = Release|Win32
		{2CD6EDDF-0C3D-4DED-9188-B34A3259F22E}.Debug|x64.ActiveCfg = Debug|Win32
		{2CD6EDDF-0C3D-4DED-9188-B34A3259F22E}.Debug|x86.ActiveCfg = Debug|Win32
		{2CD6EDDF-0C3D-4DED-9188-B34A3259F22E}.Debug|x86.Build.0 = Debug|Win32
		{2CD6EDDF-0C3D-4DED-9188-B34A3259F22E}.Release|x64.ActiveCfg = Release|Win32
		{2CD6EDDF-0C3D-4DED-9188-B34A3259F22E}.Release|x86.ActiveCfg = Release|Win32
		{2CD6EDDF-0C3D-4DED-9188-B34A3259F22E}.Release|x86.Build.0 = Release|Win32
		{D0C5EA20-E5F8-47F0-82F8-2C8BEE51AAEF}.Debug|x64.ActiveCfg = Debug|Win32
		{D0C5EA20-E5F8-47F0-82F8-2C8BEE51AAEF}.Debug|x86.ActiveCfg = Debug|Win32
		{D0C5EA20-E5F8-47F0-82F8-2C8BEE51AAEF}.Debug|x86.Build.0 = Debug|Win32
		{D0C5EA20-E5F8-47F0-82F8-2C8BEE51AAEF}.Release|x64.ActiveCfg = Release|Win32
		{D0C5EA20-E5F8-47F0-82F8-2C8BEE51AAEF}.Release|x86.ActiveCfg = Release|Win32
		{D0C5EA20-E5F8-47F0-82F8-2C8BEE51AAEF}.Release|x86.Build.0 = Release|Win32
		{52A8AE38-B628-43AC-9F12-5E228DBE2582}.Debug|x64.ActiveCfg = Debug|Win32
		{52A8AE38-B628-43AC-9F12-5E228DBE2582}.Debug|x86.ActiveCfg = Debug|Win32
		{52A8AE38-B628-43AC-9F12-5E228DBE2582}.Debug|x86.Build.0 = Debug|Win32
		{52A8AE38-B628-43AC-9F12-5E228DBE2582}.Release|x64.ActiveCfg = Release|Win32
		{52A8AE38-B628-43AC-9F12-5E228DBE2582}.Release|x86.ActiveCfg = Release|Win32
		{52A8AE38-B628-43AC-9F12-5E228DBE2582}.Release|x86.Build.0 = Release|Win32
		{39505F6E-1640-49E6-A2B6-23A2D74901C2}.Debug|x64.ActiveCfg = Debug|Win32
		{39505F6E-1640-49E6-A2B6-23A2D74901C2}.Debug|x86.ActiveCfg = Debug|Win32
		{39505F6E-1640-49E6-A2B6-23A2D74901C2}.Debug|x86.Build.0 = Debug|Win32
		{39505F6E-1640-49E6-A2B6-23A2D74901C2}.Release|x64.ActiveCfg = Release|Win32
		{39505F6E-1640-49E6-A2B6-23A2D74901C2}.Release|x86.ActiveCfg = Release|Win32
		{39505F6E-1640-49E6-A2B6-23A2D74901C2}.Release|x86.Build.0 = Release|Win32
		{70A0C3C0-EE2D-4CB8-A208-F6B86B4238C2}.Debug|x64.ActiveCfg = Debug|Win32
		{70A0C3C0-EE2D-4CB8-A208-F6B86B4238C2}.Debug|x86.ActiveCfg = Debug|Win32
		{70A0C3C0-EE2D-4CB8-A208-F6B86B4238C2}.Debug|x86.Build.0 = Debug|Win32
		{70A0C3C0-EE2D-4CB8-A208-F6B86B4238C2}.Release|x64.ActiveCfg = Release|Win32
		{70A0C3C0-EE2D-4CB8-A208-F6B86B4238C2}.Release|x86.ActiveCfg = Release|Win32
		{70A0C3C0-EE2D-4CB8-A208-F6B86B4238C2}.Release|x86.Build.0 = Release|Win32
		{338043A0-2670-4FCA-B5DE-948AFA41CD1B}.Debug|x64.ActiveCfg = Debug|Win32
		{338043A0-2670-4FCA-B5DE-948AFA41CD1B}.Debug|x86.ActiveCfg = Debug|Win32
		{338043A0-2670-4FCA-B5DE-948AFA41CD1B}.Debug|x86.Build.0 = Debug|Win32
		{338043A0-2670-4FCA-B5DE-948AFA41CD1B}.Release|x64.ActiveCfg = Release|Win32
		{338043A0-2670-4FCA-B5DE-948AFA41CD1B}.Release|x86.ActiveCfg = Release|Win32
		{338043A0-2670-4FCA-B5DE-948AFA41CD1B}.Release|x86.Build.0 = Release|Win32
		{630B8AA5-EB7C-464F-98FE-483FBAD778AB}.Debug|x64.ActiveCfg = Debug|Win32
		{630B8AA5-EB7C-464F-98FE-483FBAD778AB}.Debug|x86.ActiveCfg = Debug|Win32
		{630B8AA5-EB7C-464F-98FE-483FBAD778AB}.Debug|x86.Build.0 = Debug|Win32
		{630B8AA5-EB7C-464F-98FE-483FBAD778AB}.Release|x64.ActiveCfg = Release|Win32
		{630B8AA5-EB7C-464F-98FE-483FBAD778AB}.Release|x86.ActiveCfg = Release|Win32
		{630B8AA5-EB7C-464F-98FE-483FBAD778AB}.Release|x86.Build.0 = Release|Win32
		{1CF24017-C93A-4BE3-BD7F-36A3BA697E2C}.Debug|x64.ActiveCfg = Debug|Win32
		{1CF24017-C93A-4BE3-BD7F-36A3BA697E2C}.Debug|x86.ActiveCfg = Debug|Win32
		{1CF24017-C93A-4BE3-BD7F-36A3BA697E2C}.Debug|x86.Build.0 = Debug|Win32
		{1CF24017-C93A-4BE3-BD7F-36A3BA697E2C}.Release|x64.ActiveCfg = Release|Win32
		{1CF24017-C93A-4BE3-BD7F-36A3BA697E2C}.Release|x86.ActiveCfg = Release|Win32
		{1CF24017-C93A-4BE3-BD7F-36A3BA697E2C}.Release|x86.Build.0 = Release|Win32
		{8A2AFE39-D4A7-4D04-838A-7D44DE696512}.Debug|x64.ActiveCfg = Debug|Win32
		{8A2AFE39-D4A7-4D04-838A-7D44DE696512}.Debug|x86.ActiveCfg = Debug|Win32
		{8A2AFE39-D4A7-4D04-838A-7D44DE696512}.Debug|x86.Build.0 = Debug|Win32
		{8A2AFE39-D4A7-4D04-838A-7D44DE696512}.Release|x64.ActiveCfg = Release|Win32
		{8A2AFE39-D4A7-4D04-838A-7D44DE696512}.Release|x86.ActiveCfg = Release|Win32
		{8A2AFE39-D4A7-4D04-838A-7D44DE696512}.Release|x86.Build.0 = Release|Win32
		{91DB1808-D12C-4584-AEFF-8A31CFBAB6E8}.Debug|x64.ActiveCfg = Debug|Win32
		{91DB1808-D12C-4584-AEFF-8A31CFBAB6E8}.Debug|x86.ActiveCfg = Debug|Win32
		{91DB1808-D12C-4584-AEFF-8A31CFBAB6E8}.Debug|x86.Build.0 = Debug|Win32
		{91DB1808-D12C-4584-AEFF-8A31CFBAB6E8}.Release|x64.ActiveCfg = Release|Win32
		{91DB1808-D12C-4584-AEFF-8A31CFBAB6E8}.Release|x86.ActiveCfg = Release|Win32
		{91DB1808-D12C-4584-AEFF-8A31CFBAB6E8}.Release|x86.Build.0 = Release|Win32
		{CA47CD3F-DF2A-49DB-BCBA-8782EAF7F817}.Debug|x64.ActiveCfg = Debug|Win32
		{CA47CD3F-DF2A-49DB-BCBA-8782EAF7F817}.Debug|x86.ActiveCfg = Debug|Win32
		{CA47CD3F-DF2A-49DB-BCBA-8782EAF7F817}.Debug|x86.Build.0 = Debug|Win32
		{CA47CD3F-DF2A-49DB-BCBA-8782EAF7F817}.Release|x64.ActiveCfg = Release|Win32
		{CA47CD3F-DF2A-49DB-BCBA-8782EAF7F817}.Release|x86.ActiveCfg = Release|Win32
		{CA47CD3F-DF2A-49DB-BCBA-8782EAF7F817}.Release|x86.Build.0 = Release|Win32
		{54F0F1B9-591F-4FFE-B47E-DFD3A3E83DFF}.Debug|x64.ActiveCfg = Debug|Win32
		{54F0F1B9-591F-4FFE-B47E-DFD3A3E83DFF}.Debug|x86.ActiveCfg = Debug|Win32
		{54F0F1B9-591F-4FFE-B47E-DFD3A3E83DFF}.Debug|x86.Build.0 = Debug|Win32
		{54F0F1B9-591F-4FFE-B47E-DFD3A3E83DFF}.Release|x64.ActiveCfg = Release|Win32
		{54F0F1B9-591F-4FFE-B47E-DFD3A3E83DFF}.Release|x86.ActiveCfg = Release|Win32
		{54F0F1B9-591F-4FFE-B47E-DFD3A3E83DFF}.Release|x86.Build.0 = Release|Win32
		{BC3B95F4-BD86-4A63-93C6-E39737F51E66}.Debug|x64.ActiveCfg = Debug|Win32
		{BC3B95F4-BD86-4A63-93C6-E39737F51E66}.Debug|x86.ActiveCfg = Debug|Win32
		{BC3B95F4-BD86-4A63-93C6-E39737F51E66}.Debug|x86.Build.0 = Debug|Win32
		{BC3B95F4-BD86-4A63-93C6-E39737F51E66}.Release|x64.ActiveCfg = Release|Win32
		{BC3B95F4-BD86-4A63-93C6-E39737F51E66}.Release|x86.ActiveCfg = Release|Win32
		{BC3B95F4-BD86-4A63-93C6-E39737F51E66}.Release|x86.Build.0 = Release|Win32
		{24CD23CE-EA61-44CA-89BD-F55FB1769488}.Debug|x64.ActiveCfg = Debug|Win32
		{24CD23CE-EA61-44CA-89BD-F55FB1769488}.Debug|x86.ActiveCfg = Debug|Win32
		{24CD23CE-EA61-44CA-89BD-F55FB1769488}.Debug|x86.Build.0 = Debug|Win32
		{24CD23CE-EA61-44CA-89BD-F55FB1769488}.Release|x64.ActiveCfg = Release|Win32
		{24CD23CE-EA61-44CA-89BD-F55FB1769488}.Release|x86.ActiveCfg = Release|Win32
		{24CD23CE-EA61-44CA-89BD-F55FB1769488}.Release|x86.Build.0 = Release|Win32
		{82613CD2-49AA-4658-81B1-14D5F3040979}.Debug|x64.ActiveCfg = Debug|Win32
		{82613CD2-49AA-4658-81B1-14D5F3040979}.Debug|x86.ActiveCfg = Debug|Win32
		{82613CD2-49AA-4658-81B1-14D5F3040979}.Debug|x86.Build.0 = Debug|Win32
		{82613CD2-49AA-4658-81B1-14D5F3040979}.Release|x64.ActiveCfg = Release|Win32
		{82613CD2-49AA-4658-81B1-14D5F3040979}.Release|x86.ActiveCfg = Release|Win32
		{82613CD2-49AA-4658-81B1-14D5F3040979}.Release|x86.Build.0 = Release|Win32
	EndGlobalSection
	GlobalSection(SolutionProperties) = preSolution
		HideSolutionNode = FALSE
	EndGlobalSection
	GlobalSection(ExtensibilityGlobals) = postSolution
		SolutionGuid = {FCD6CF05-1E82-4017-8485-2269E6B6C941}
	EndGlobalSection
EndGlobal
